// !$*UTF8*$!
{
	archiveVersion = 1;
	classes = {
	};
	objectVersion = 46;
	objects = {

/* Begin PBXBuildFile section */
		2A115C9C1B18F33500395ECA /* MatchViewController.swift in Sources */ = {isa = PBXBuildFile; fileRef = 2A115C9B1B18F33500395ECA /* MatchViewController.swift */; };
		2AF567D91B14EDFB007812E6 /* AppDelegate.swift in Sources */ = {isa = PBXBuildFile; fileRef = 2AF567D81B14EDFB007812E6 /* AppDelegate.swift */; };
		2AF567DB1B14EDFB007812E6 /* ViewController.swift in Sources */ = {isa = PBXBuildFile; fileRef = 2AF567DA1B14EDFB007812E6 /* ViewController.swift */; };
		2AF567DE1B14EDFB007812E6 /* Main.storyboard in Resources */ = {isa = PBXBuildFile; fileRef = 2AF567DC1B14EDFB007812E6 /* Main.storyboard */; };
		2AF567E01B14EDFB007812E6 /* Images.xcassets in Resources */ = {isa = PBXBuildFile; fileRef = 2AF567DF1B14EDFB007812E6 /* Images.xcassets */; };
		2AF567E31B14EDFB007812E6 /* LaunchScreen.xib in Resources */ = {isa = PBXBuildFile; fileRef = 2AF567E11B14EDFB007812E6 /* LaunchScreen.xib */; };
		2AF567EF1B14EDFC007812E6 /* TinderWeek8Tests.swift in Sources */ = {isa = PBXBuildFile; fileRef = 2AF567EE1B14EDFC007812E6 /* TinderWeek8Tests.swift */; };
		2AF567FA1B14EF1E007812E6 /* Tinder.m in Sources */ = {isa = PBXBuildFile; fileRef = 2AF567F91B14EF1E007812E6 /* Tinder.m */; };
		2AF567FC1B165774007812E6 /* SwipeViewController.swift in Sources */ = {isa = PBXBuildFile; fileRef = 2AF567FB1B165774007812E6 /* SwipeViewController.swift */; };
		DC6BAC3F581591171C2106F9 /* libPods.a in Frameworks */ = {isa = PBXBuildFile; fileRef = 9B26E14C18F2F89A6CDAA16C /* libPods.a */; };
/* End PBXBuildFile section */

/* Begin PBXContainerItemProxy section */
		2AF567E91B14EDFC007812E6 /* PBXContainerItemProxy */ = {
			isa = PBXContainerItemProxy;
			containerPortal = 2AF567CB1B14EDFB007812E6 /* Project object */;
			proxyType = 1;
			remoteGlobalIDString = 2AF567D21B14EDFB007812E6;
			remoteInfo = TinderWeek8;
		};
/* End PBXContainerItemProxy section */

/* Begin PBXFileReference section */
		289F177295723CCAA7B1BC9F /* Pods.debug.xcconfig */ = {isa = PBXFileReference; includeInIndex = 1; lastKnownFileType = text.xcconfig; name = Pods.debug.xcconfig; path = "Pods/Target Support Files/Pods/Pods.debug.xcconfig"; sourceTree = "<group>"; };
		2A115C9B1B18F33500395ECA /* MatchViewController.swift */ = {isa = PBXFileReference; fileEncoding = 4; lastKnownFileType = sourcecode.swift; path = MatchViewController.swift; sourceTree = "<group>"; };
		2AF567D31B14EDFB007812E6 /* TinderWeek8.app */ = {isa = PBXFileReference; explicitFileType = wrapper.application; includeInIndex = 0; path = TinderWeek8.app; sourceTree = BUILT_PRODUCTS_DIR; };
		2AF567D71B14EDFB007812E6 /* Info.plist */ = {isa = PBXFileReference; lastKnownFileType = text.plist.xml; path = Info.plist; sourceTree = "<group>"; };
		2AF567D81B14EDFB007812E6 /* AppDelegate.swift */ = {isa = PBXFileReference; lastKnownFileType = sourcecode.swift; path = AppDelegate.swift; sourceTree = "<group>"; };
		2AF567DA1B14EDFB007812E6 /* ViewController.swift */ = {isa = PBXFileReference; lastKnownFileType = sourcecode.swift; path = ViewController.swift; sourceTree = "<group>"; };
		2AF567DD1B14EDFB007812E6 /* Base */ = {isa = PBXFileReference; lastKnownFileType = file.storyboard; name = Base; path = Base.lproj/Main.storyboard; sourceTree = "<group>"; };
		2AF567DF1B14EDFB007812E6 /* Images.xcassets */ = {isa = PBXFileReference; lastKnownFileType = folder.assetcatalog; path = Images.xcassets; sourceTree = "<group>"; };
		2AF567E21B14EDFB007812E6 /* Base */ = {isa = PBXFileReference; lastKnownFileType = file.xib; name = Base; path = Base.lproj/LaunchScreen.xib; sourceTree = "<group>"; };
		2AF567E81B14EDFC007812E6 /* TinderWeek8Tests.xctest */ = {isa = PBXFileReference; explicitFileType = wrapper.cfbundle; includeInIndex = 0; path = TinderWeek8Tests.xctest; sourceTree = BUILT_PRODUCTS_DIR; };
		2AF567ED1B14EDFC007812E6 /* Info.plist */ = {isa = PBXFileReference; lastKnownFileType = text.plist.xml; path = Info.plist; sourceTree = "<group>"; };
		2AF567EE1B14EDFC007812E6 /* TinderWeek8Tests.swift */ = {isa = PBXFileReference; lastKnownFileType = sourcecode.swift; path = TinderWeek8Tests.swift; sourceTree = "<group>"; };
		2AF567F81B14EF1D007812E6 /* TinderWeek8-Bridging-Header.h */ = {isa = PBXFileReference; lastKnownFileType = sourcecode.c.h; path = "TinderWeek8-Bridging-Header.h"; sourceTree = "<group>"; };
		2AF567F91B14EF1E007812E6 /* Tinder.m */ = {isa = PBXFileReference; fileEncoding = 4; lastKnownFileType = sourcecode.c.objc; path = Tinder.m; sourceTree = "<group>"; };
		2AF567FB1B165774007812E6 /* SwipeViewController.swift */ = {isa = PBXFileReference; fileEncoding = 4; lastKnownFileType = sourcecode.swift; path = SwipeViewController.swift; sourceTree = "<group>"; };
		9B26E14C18F2F89A6CDAA16C /* libPods.a */ = {isa = PBXFileReference; explicitFileType = archive.ar; includeInIndex = 0; path = libPods.a; sourceTree = BUILT_PRODUCTS_DIR; };
		D2BCB5DC4718111436EC9100 /* Pods.release.xcconfig */ = {isa = PBXFileReference; includeInIndex = 1; lastKnownFileType = text.xcconfig; name = Pods.release.xcconfig; path = "Pods/Target Support Files/Pods/Pods.release.xcconfig"; sourceTree = "<group>"; };
/* End PBXFileReference section */

/* Begin PBXFrameworksBuildPhase section */
		2AF567D01B14EDFB007812E6 /* Frameworks */ = {
			isa = PBXFrameworksBuildPhase;
			buildActionMask = 2147483647;
			files = (
				DC6BAC3F581591171C2106F9 /* libPods.a in Frameworks */,
			);
			runOnlyForDeploymentPostprocessing = 0;
		};
		2AF567E51B14EDFC007812E6 /* Frameworks */ = {
			isa = PBXFrameworksBuildPhase;
			buildActionMask = 2147483647;
			files = (
			);
			runOnlyForDeploymentPostprocessing = 0;
		};
/* End PBXFrameworksBuildPhase section */

/* Begin PBXGroup section */
		2AF567CA1B14EDFB007812E6 = {
			isa = PBXGroup;
			children = (
				2AF567D51B14EDFB007812E6 /* TinderWeek8 */,
				2AF567EB1B14EDFC007812E6 /* TinderWeek8Tests */,
				2AF567D41B14EDFB007812E6 /* Products */,
				95D3875C899AB4457FD82C8E /* Pods */,
				319DBF70FCB735DFA0620B12 /* Frameworks */,
			);
			sourceTree = "<group>";
		};
		2AF567D41B14EDFB007812E6 /* Products */ = {
			isa = PBXGroup;
			children = (
				2AF567D31B14EDFB007812E6 /* TinderWeek8.app */,
				2AF567E81B14EDFC007812E6 /* TinderWeek8Tests.xctest */,
			);
			name = Products;
			sourceTree = "<group>";
		};
		2AF567D51B14EDFB007812E6 /* TinderWeek8 */ = {
			isa = PBXGroup;
			children = (
				2AF567D81B14EDFB007812E6 /* AppDelegate.swift */,
				2AF567DA1B14EDFB007812E6 /* ViewController.swift */,
				2AF567FB1B165774007812E6 /* SwipeViewController.swift */,
				2A115C9B1B18F33500395ECA /* MatchViewController.swift */,
				2AF567DC1B14EDFB007812E6 /* Main.storyboard */,
				2AF567DF1B14EDFB007812E6 /* Images.xcassets */,
				2AF567E11B14EDFB007812E6 /* LaunchScreen.xib */,
				2AF567D61B14EDFB007812E6 /* Supporting Files */,
				2AF567F91B14EF1E007812E6 /* Tinder.m */,
				2AF567F81B14EF1D007812E6 /* TinderWeek8-Bridging-Header.h */,
			);
			path = TinderWeek8;
			sourceTree = "<group>";
		};
		2AF567D61B14EDFB007812E6 /* Supporting Files */ = {
			isa = PBXGroup;
			children = (
				2AF567D71B14EDFB007812E6 /* Info.plist */,
			);
			name = "Supporting Files";
			sourceTree = "<group>";
		};
		2AF567EB1B14EDFC007812E6 /* TinderWeek8Tests */ = {
			isa = PBXGroup;
			children = (
				2AF567EE1B14EDFC007812E6 /* TinderWeek8Tests.swift */,
				2AF567EC1B14EDFC007812E6 /* Supporting Files */,
			);
			path = TinderWeek8Tests;
			sourceTree = "<group>";
		};
		2AF567EC1B14EDFC007812E6 /* Supporting Files */ = {
			isa = PBXGroup;
			children = (
				2AF567ED1B14EDFC007812E6 /* Info.plist */,
			);
			name = "Supporting Files";
			sourceTree = "<group>";
		};
		319DBF70FCB735DFA0620B12 /* Frameworks */ = {
			isa = PBXGroup;
			children = (
				9B26E14C18F2F89A6CDAA16C /* libPods.a */,
			);
			name = Frameworks;
			sourceTree = "<group>";
		};
		95D3875C899AB4457FD82C8E /* Pods */ = {
			isa = PBXGroup;
			children = (
				289F177295723CCAA7B1BC9F /* Pods.debug.xcconfig */,
				D2BCB5DC4718111436EC9100 /* Pods.release.xcconfig */,
			);
			name = Pods;
			sourceTree = "<group>";
		};
/* End PBXGroup section */

/* Begin PBXNativeTarget section */
		2AF567D21B14EDFB007812E6 /* TinderWeek8 */ = {
			isa = PBXNativeTarget;
			buildConfigurationList = 2AF567F21B14EDFC007812E6 /* Build configuration list for PBXNativeTarget "TinderWeek8" */;
			buildPhases = (
				BE700A123CDAE562933A8B17 /* Check Pods Manifest.lock */,
				2AF567CF1B14EDFB007812E6 /* Sources */,
				2AF567D01B14EDFB007812E6 /* Frameworks */,
				2AF567D11B14EDFB007812E6 /* Resources */,
				E45BD8C31FC63F0C2DFED3BA /* Copy Pods Resources */,
			);
			buildRules = (
			);
			dependencies = (
			);
			name = TinderWeek8;
			productName = TinderWeek8;
			productReference = 2AF567D31B14EDFB007812E6 /* TinderWeek8.app */;
			productType = "com.apple.product-type.application";
		};
		2AF567E71B14EDFC007812E6 /* TinderWeek8Tests */ = {
			isa = PBXNativeTarget;
			buildConfigurationList = 2AF567F51B14EDFC007812E6 /* Build configuration list for PBXNativeTarget "TinderWeek8Tests" */;
			buildPhases = (
				2AF567E41B14EDFC007812E6 /* Sources */,
				2AF567E51B14EDFC007812E6 /* Frameworks */,
				2AF567E61B14EDFC007812E6 /* Resources */,
			);
			buildRules = (
			);
			dependencies = (
				2AF567EA1B14EDFC007812E6 /* PBXTargetDependency */,
			);
			name = TinderWeek8Tests;
			productName = TinderWeek8Tests;
			productReference = 2AF567E81B14EDFC007812E6 /* TinderWeek8Tests.xctest */;
			productType = "com.apple.product-type.bundle.unit-test";
		};
/* End PBXNativeTarget section */

/* Begin PBXProject section */
		2AF567CB1B14EDFB007812E6 /* Project object */ = {
			isa = PBXProject;
			attributes = {
				LastUpgradeCheck = 0630;
				ORGANIZATIONNAME = ProjectDGW;
				TargetAttributes = {
					2AF567D21B14EDFB007812E6 = {
						CreatedOnToolsVersion = 6.3.1;
					};
					2AF567E71B14EDFC007812E6 = {
						CreatedOnToolsVersion = 6.3.1;
						TestTargetID = 2AF567D21B14EDFB007812E6;
					};
				};
			};
			buildConfigurationList = 2AF567CE1B14EDFB007812E6 /* Build configuration list for PBXProject "TinderWeek8" */;
			compatibilityVersion = "Xcode 3.2";
			developmentRegion = English;
			hasScannedForEncodings = 0;
			knownRegions = (
				en,
				Base,
			);
			mainGroup = 2AF567CA1B14EDFB007812E6;
			productRefGroup = 2AF567D41B14EDFB007812E6 /* Products */;
			projectDirPath = "";
			projectRoot = "";
			targets = (
				2AF567D21B14EDFB007812E6 /* TinderWeek8 */,
				2AF567E71B14EDFC007812E6 /* TinderWeek8Tests */,
			);
		};
/* End PBXProject section */

/* Begin PBXResourcesBuildPhase section */
		2AF567D11B14EDFB007812E6 /* Resources */ = {
			isa = PBXResourcesBuildPhase;
			buildActionMask = 2147483647;
			files = (
				2AF567DE1B14EDFB007812E6 /* Main.storyboard in Resources */,
				2AF567E31B14EDFB007812E6 /* LaunchScreen.xib in Resources */,
				2AF567E01B14EDFB007812E6 /* Images.xcassets in Resources */,
			);
			runOnlyForDeploymentPostprocessing = 0;
		};
		2AF567E61B14EDFC007812E6 /* Resources */ = {
			isa = PBXResourcesBuildPhase;
			buildActionMask = 2147483647;
			files = (
			);
			runOnlyForDeploymentPostprocessing = 0;
		};
/* End PBXResourcesBuildPhase section */

/* Begin PBXShellScriptBuildPhase section */
		BE700A123CDAE562933A8B17 /* Check Pods Manifest.lock */ = {
			isa = PBXShellScriptBuildPhase;
			buildActionMask = 2147483647;
			files = (
			);
			inputPaths = (
			);
			name = "Check Pods Manifest.lock";
			outputPaths = (
			);
			runOnlyForDeploymentPostprocessing = 0;
			shellPath = /bin/sh;
			shellScript = "diff \"${PODS_ROOT}/../Podfile.lock\" \"${PODS_ROOT}/Manifest.lock\" > /dev/null\nif [[ $? != 0 ]] ; then\n    cat << EOM\nerror: The sandbox is not in sync with the Podfile.lock. Run 'pod install' or update your CocoaPods installation.\nEOM\n    exit 1\nfi\n";
			showEnvVarsInLog = 0;
		};
		E45BD8C31FC63F0C2DFED3BA /* Copy Pods Resources */ = {
			isa = PBXShellScriptBuildPhase;
			buildActionMask = 2147483647;
			files = (
			);
			inputPaths = (
			);
			name = "Copy Pods Resources";
			outputPaths = (
			);
			runOnlyForDeploymentPostprocessing = 0;
			shellPath = /bin/sh;
			shellScript = "\"${SRCROOT}/Pods/Target Support Files/Pods/Pods-resources.sh\"\n";
			showEnvVarsInLog = 0;
		};
/* End PBXShellScriptBuildPhase section */

/* Begin PBXSourcesBuildPhase section */
		2AF567CF1B14EDFB007812E6 /* Sources */ = {
			isa = PBXSourcesBuildPhase;
			buildActionMask = 2147483647;
			files = (
				2AF567DB1B14EDFB007812E6 /* ViewController.swift in Sources */,
				2AF567FA1B14EF1E007812E6 /* Tinder.m in Sources */,
				2AF567D91B14EDFB007812E6 /* AppDelegate.swift in Sources */,
				2AF567FC1B165774007812E6 /* SwipeViewController.swift in Sources */,
				2A115C9C1B18F33500395ECA /* MatchViewController.swift in Sources */,
			);
			runOnlyForDeploymentPostprocessing = 0;
		};
		2AF567E41B14EDFC007812E6 /* Sources */ = {
			isa = PBXSourcesBuildPhase;
			buildActionMask = 2147483647;
			files = (
				2AF567EF1B14EDFC007812E6 /* TinderWeek8Tests.swift in Sources */,
			);
			runOnlyForDeploymentPostprocessing = 0;
		};
/* End PBXSourcesBuildPhase section */

/* Begin PBXTargetDependency section */
		2AF567EA1B14EDFC007812E6 /* PBXTargetDependency */ = {
			isa = PBXTargetDependency;
			target = 2AF567D21B14EDFB007812E6 /* TinderWeek8 */;
			targetProxy = 2AF567E91B14EDFC007812E6 /* PBXContainerItemProxy */;
		};
/* End PBXTargetDependency section */

/* Begin PBXVariantGroup section */
		2AF567DC1B14EDFB007812E6 /* Main.storyboard */ = {
			isa = PBXVariantGroup;
			children = (
				2AF567DD1B14EDFB007812E6 /* Base */,
			);
			name = Main.storyboard;
			sourceTree = "<group>";
		};
		2AF567E11B14EDFB007812E6 /* LaunchScreen.xib */ = {
			isa = PBXVariantGroup;
			children = (
				2AF567E21B14EDFB007812E6 /* Base */,
			);
			name = LaunchScreen.xib;
			sourceTree = "<group>";
		};
/* End PBXVariantGroup section */

/* Begin XCBuildConfiguration section */
		2AF567F01B14EDFC007812E6 /* Debug */ = {
			isa = XCBuildConfiguration;
			buildSettings = {
				ALWAYS_SEARCH_USER_PATHS = NO;
				CLANG_CXX_LANGUAGE_STANDARD = "gnu++0x";
				CLANG_CXX_LIBRARY = "libc++";
				CLANG_ENABLE_MODULES = YES;
				CLANG_ENABLE_OBJC_ARC = YES;
				CLANG_WARN_BOOL_CONVERSION = YES;
				CLANG_WARN_CONSTANT_CONVERSION = YES;
				CLANG_WARN_DIRECT_OBJC_ISA_USAGE = YES_ERROR;
				CLANG_WARN_EMPTY_BODY = YES;
				CLANG_WARN_ENUM_CONVERSION = YES;
				CLANG_WARN_INT_CONVERSION = YES;
				CLANG_WARN_OBJC_ROOT_CLASS = YES_ERROR;
				CLANG_WARN_UNREACHABLE_CODE = YES;
				CLANG_WARN__DUPLICATE_METHOD_MATCH = YES;
				"CODE_SIGN_IDENTITY[sdk=iphoneos*]" = "iPhone Developer";
				COPY_PHASE_STRIP = NO;
				DEBUG_INFORMATION_FORMAT = "dwarf-with-dsym";
				ENABLE_STRICT_OBJC_MSGSEND = YES;
				GCC_C_LANGUAGE_STANDARD = gnu99;
				GCC_DYNAMIC_NO_PIC = NO;
				GCC_NO_COMMON_BLOCKS = YES;
				GCC_OPTIMIZATION_LEVEL = 0;
				GCC_PREPROCESSOR_DEFINITIONS = (
					"DEBUG=1",
					"$(inherited)",
				);
				GCC_SYMBOLS_PRIVATE_EXTERN = NO;
				GCC_WARN_64_TO_32_BIT_CONVERSION = YES;
				GCC_WARN_ABOUT_RETURN_TYPE = YES_ERROR;
				GCC_WARN_UNDECLARED_SELECTOR = YES;
				GCC_WARN_UNINITIALIZED_AUTOS = YES_AGGRESSIVE;
				GCC_WARN_UNUSED_FUNCTION = YES;
				GCC_WARN_UNUSED_VARIABLE = YES;
				IPHONEOS_DEPLOYMENT_TARGET = 8.3;
				MTL_ENABLE_DEBUG_INFO = YES;
				ONLY_ACTIVE_ARCH = YES;
				SDKROOT = iphoneos;
				SWIFT_OPTIMIZATION_LEVEL = "-Onone";
			};
			name = Debug;
		};
		2AF567F11B14EDFC007812E6 /* Release */ = {
			isa = XCBuildConfiguration;
			buildSettings = {
				ALWAYS_SEARCH_USER_PATHS = NO;
				CLANG_CXX_LANGUAGE_STANDARD = "gnu++0x";
				CLANG_CXX_LIBRARY = "libc++";
				CLANG_ENABLE_MODULES = YES;
				CLANG_ENABLE_OBJC_ARC = YES;
				CLANG_WARN_BOOL_CONVERSION = YES;
				CLANG_WARN_CONSTANT_CONVERSION = YES;
				CLANG_WARN_DIRECT_OBJC_ISA_USAGE = YES_ERROR;
				CLANG_WARN_EMPTY_BODY = YES;
				CLANG_WARN_ENUM_CONVERSION = YES;
				CLANG_WARN_INT_CONVERSION = YES;
				CLANG_WARN_OBJC_ROOT_CLASS = YES_ERROR;
				CLANG_WARN_UNREACHABLE_CODE = YES;
				CLANG_WARN__DUPLICATE_METHOD_MATCH = YES;
				"CODE_SIGN_IDENTITY[sdk=iphoneos*]" = "iPhone Developer";
				COPY_PHASE_STRIP = NO;
				DEBUG_INFORMATION_FORMAT = "dwarf-with-dsym";
				ENABLE_NS_ASSERTIONS = NO;
				ENABLE_STRICT_OBJC_MSGSEND = YES;
				GCC_C_LANGUAGE_STANDARD = gnu99;
				GCC_NO_COMMON_BLOCKS = YES;
				GCC_WARN_64_TO_32_BIT_CONVERSION = YES;
				GCC_WARN_ABOUT_RETURN_TYPE = YES_ERROR;
				GCC_WARN_UNDECLARED_SELECTOR = YES;
				GCC_WARN_UNINITIALIZED_AUTOS = YES_AGGRESSIVE;
				GCC_WARN_UNUSED_FUNCTION = YES;
				GCC_WARN_UNUSED_VARIABLE = YES;
				IPHONEOS_DEPLOYMENT_TARGET = 8.3;
				MTL_ENABLE_DEBUG_INFO = NO;
				SDKROOT = iphoneos;
				VALIDATE_PRODUCT = YES;
			};
			name = Release;
		};
		2AF567F31B14EDFC007812E6 /* Debug */ = {
			isa = XCBuildConfiguration;
			baseConfigurationReference = 289F177295723CCAA7B1BC9F /* Pods.debug.xcconfig */;
			buildSettings = {
				ASSETCATALOG_COMPILER_APPICON_NAME = AppIcon;
				CLANG_ENABLE_MODULES = YES;
				INFOPLIST_FILE = TinderWeek8/Info.plist;
				LD_RUNPATH_SEARCH_PATHS = "$(inherited) @executable_path/Frameworks";
				PRODUCT_NAME = "$(TARGET_NAME)";
				SWIFT_OBJC_BRIDGING_HEADER = "TinderWeek8/TinderWeek8-Bridging-Header.h";
				SWIFT_OPTIMIZATION_LEVEL = "-Onone";
			};
			name = Debug;
		};
		2AF567F41B14EDFC007812E6 /* Release */ = {
			isa = XCBuildConfiguration;
			baseConfigurationReference = D2BCB5DC4718111436EC9100 /* Pods.release.xcconfig */;
			buildSettings = {
				ASSETCATALOG_COMPILER_APPICON_NAME = AppIcon;
				CLANG_ENABLE_MODULES = YES;
				INFOPLIST_FILE = TinderWeek8/Info.plist;
				LD_RUNPATH_SEARCH_PATHS = "$(inherited) @executable_path/Frameworks";
				PRODUCT_NAME = "$(TARGET_NAME)";
				SWIFT_OBJC_BRIDGING_HEADER = "TinderWeek8/TinderWeek8-Bridging-Header.h";
			};
			name = Release;
		};
		2AF567F61B14EDFC007812E6 /* Debug */ = {
			isa = XCBuildConfiguration;
			buildSettings = {
				BUNDLE_LOADER = "$(TEST_HOST)";
				FRAMEWORK_SEARCH_PATHS = (
					"$(SDKROOT)/Developer/Library/Frameworks",
					"$(inherited)",
				);
				GCC_PREPROCESSOR_DEFINITIONS = (
					"DEBUG=1",
					"$(inherited)",
				);
				INFOPLIST_FILE = TinderWeek8Tests/Info.plist;
				LD_RUNPATH_SEARCH_PATHS = "$(inherited) @executable_path/Frameworks @loader_path/Frameworks";
				PRODUCT_NAME = "$(TARGET_NAME)";
				TEST_HOST = "$(BUILT_PRODUCTS_DIR)/TinderWeek8.app/TinderWeek8";
			};
			name = Debug;
		};
		2AF567F71B14EDFC007812E6 /* Release */ = {
			isa = XCBuildConfiguration;
			buildSettings = {
				BUNDLE_LOADER = "$(TEST_HOST)";
				FRAMEWORK_SEARCH_PATHS = (
					"$(SDKROOT)/Developer/Library/Frameworks",
					"$(inherited)",
				);
				INFOPLIST_FILE = TinderWeek8Tests/Info.plist;
				LD_RUNPATH_SEARCH_PATHS = "$(inherited) @executable_path/Frameworks @loader_path/Frameworks";
				PRODUCT_NAME = "$(TARGET_NAME)";
				TEST_HOST = "$(BUILT_PRODUCTS_DIR)/TinderWeek8.app/TinderWeek8";
			};
			name = Release;
		};
/* End XCBuildConfiguration section */

/* Begin XCConfigurationList section */
		2AF567CE1B14EDFB007812E6 /* Build configuration list for PBXProject "TinderWeek8" */ = {
			isa = XCConfigurationList;
			buildConfigurations = (
				2AF567F01B14EDFC007812E6 /* Debug */,
				2AF567F11B14EDFC007812E6 /* Release */,
			);
			defaultConfigurationIsVisible = 0;
			defaultConfigurationName = Release;
		};
		2AF567F21B14EDFC007812E6 /* Build configuration list for PBXNativeTarget "TinderWeek8" */ = {
			isa = XCConfigurationList;
			buildConfigurations = (
				2AF567F31B14EDFC007812E6 /* Debug */,
				2AF567F41B14EDFC007812E6 /* Release */,
			);
			defaultConfigurationIsVisible = 0;
			defaultConfigurationName = Release;
		};
		2AF567F51B14EDFC007812E6 /* Build configuration list for PBXNativeTarget "TinderWeek8Tests" */ = {
			isa = XCConfigurationList;
			buildConfigurations = (
				2AF567F61B14EDFC007812E6 /* Debug */,
				2AF567F71B14EDFC007812E6 /* Release */,
			);
			defaultConfigurationIsVisible = 0;
			defaultConfigurationName = Release;
		};
/* End XCConfigurationList section */
	};
	rootObject = 2AF567CB1B14EDFB007812E6 /* Project object */;
}
